{
  "nodes": {
    "nixpkgs": {
      "locked": {
        "lastModified": 1654230545,
        "narHash": "sha256-8Vlwf0x8ow6pPOK2a04bT+pxIeRnM1+O0Xv9/CuDzRs=",
        "owner": "nixos",
        "repo": "nixpkgs",
        "rev": "236cc2971ac72acd90f0ae3a797f9f83098b17ec",
        "type": "github"
      },
      "original": {
        "owner": "nixos",
        "ref": "nixos-unstable",
        "repo": "nixpkgs",
        "type": "github"
      }
    },
    "nixpkgs-small": {
      "locked": {
        "lastModified": 1654464531,
        "narHash": "sha256-EKqyLXo171SEPnqcDHQnOLaSXIWWpatsgaJTGM0Tdjg=",
        "owner": "nixos",
        "repo": "nixpkgs",
        "rev": "b5243a0c099cecfa284065ff7076c6ce5ffb8d93",
        "type": "github"
      },
      "original": {
        "owner": "nixos",
        "ref": "nixos-22.05-small",
        "repo": "nixpkgs",
        "type": "github"
      }
    },
    "root": {
      "inputs": {
        "nixpkgs": "nixpkgs",
        "nixpkgs-small": "nixpkgs-small"
      }
    }
  },
  "root": "root",
  "version": 7
}
